
Microsoft Visual Studio Solution File, Format Version 12.00
# Visual Studio 2012
Project("{FAE04EC0-301F-11D3-BF4B-00C04F79EFBC}") = "FileReorganise", "FileReorganise\FileReorganise.csproj", "{17E49782-162E-43DF-AB2D-3E6D837CAEBA}"
EndProject
Global
	GlobalSection(SolutionConfigurationPlatforms) = preSolution
		Debug|Any CPU = Debug|Any CPU
		Release|Any CPU = Release|Any CPU
	EndGlobalSection
	GlobalSection(ProjectConfigurationPlatforms) = postSolution
		{17E49782-162E-43DF-AB2D-3E6D837CAEBA}.Debug|Any CPU.ActiveCfg = Debug|Any CPU
		{17E49782-162E-43DF-AB2D-3E6D837CAEBA}.Debug|Any CPU.Build.0 = Debug|Any CPU
		{17E49782-162E-43DF-AB2D-3E6D837CAEBA}.Release|Any CPU.ActiveCfg = Release|Any CPU
		{17E49782-162E-43DF-AB2D-3E6D837CAEBA}.Release|Any CPU.Build.0 = Release|Any CPU
	EndGlobalSection
	GlobalSection(SolutionProperties) = preSolution
		HideSolutionNode = FALSE
	EndGlobalSection
EndGlobal
